
Microsoft Visual Studio Solution File, Format Version 12.00
# Visual Studio Express 2012 for Windows Desktop
Project("{FAE04EC0-301F-11D3-BF4B-00C04F79EFBC}") = "InformixClient", "InformixClient\InformixClient.csproj", "{D32E6E63-7D13-4D78-9B0F-CD88BE8E401C}"
EndProject
Global
	GlobalSection(SolutionConfigurationPlatforms) = preSolution
		Debug|Any CPU = Debug|Any CPU
		Release|Any CPU = Release|Any CPU
	EndGlobalSection
	GlobalSection(ProjectConfigurationPlatforms) = postSolution
		{D32E6E63-7D13-4D78-9B0F-CD88BE8E401C}.Debug|Any CPU.ActiveCfg = Debug|Any CPU
		{D32E6E63-7D13-4D78-9B0F-CD88BE8E401C}.Debug|Any CPU.Build.0 = Debug|Any CPU
		{D32E6E63-7D13-4D78-9B0F-CD88BE8E401C}.Release|Any CPU.ActiveCfg = Release|Any CPU
		{D32E6E63-7D13-4D78-9B0F-CD88BE8E401C}.Release|Any CPU.Build.0 = Release|Any CPU
	EndGlobalSection
	GlobalSection(SolutionProperties) = preSolution
		HideSolutionNode = FALSE
	EndGlobalSection
EndGlobal
